// !$*UTF8*$!
{
	archiveVersion = 1;
	classes = {
	};
	objectVersion = 46;
	objects = {

/* Begin PBXBuildFile section */
		F8002FCB1B0C810E002CBB4C /* add_to_list.png in Resources */ = {isa = PBXBuildFile; fileRef = F8002FCA1B0C810E002CBB4C /* add_to_list.png */; };
		F8007E401B01FA4400DA161B /* NSTextFielAddition.m in Sources */ = {isa = PBXBuildFile; fileRef = F8007E3F1B01FA4400DA161B /* NSTextFielAddition.m */; };
		F808CE0F1B0EFD1600124EE4 /* INAppStoreWindow.m in Sources */ = {isa = PBXBuildFile; fileRef = F808CDDC1B0EFD1600124EE4 /* INAppStoreWindow.m */; };
		F808CE101B0EFD1600124EE4 /* INWindowButton.m in Sources */ = {isa = PBXBuildFile; fileRef = F808CDDE1B0EFD1600124EE4 /* INWindowButton.m */; };
		F808CE191B0F093D00124EE4 /* INAppStoreWindowSwizzling.c in Sources */ = {isa = PBXBuildFile; fileRef = F808CE121B0F093D00124EE4 /* INAppStoreWindowSwizzling.c */; };
		F808CE1A1B0F093D00124EE4 /* INWindowBackgroundView+CoreUIRendering.m in Sources */ = {isa = PBXBuildFile; fileRef = F808CE151B0F093D00124EE4 /* INWindowBackgroundView+CoreUIRendering.m */; };
		F808CE1B1B0F093D00124EE4 /* NSDocument+INAppStoreWindowFixes.m in Sources */ = {isa = PBXBuildFile; fileRef = F808CE171B0F093D00124EE4 /* NSDocument+INAppStoreWindowFixes.m */; };
		F808CE2B1B0F0AE600124EE4 /* close-active-color.tiff in Resources */ = {isa = PBXBuildFile; fileRef = F808CE1C1B0F0AE600124EE4 /* close-active-color.tiff */; };
		F808CE2C1B0F0AE600124EE4 /* close-activenokey-color.tiff in Resources */ = {isa = PBXBuildFile; fileRef = F808CE1D1B0F0AE600124EE4 /* close-activenokey-color.tiff */; };
		F808CE2D1B0F0AE600124EE4 /* close-inactive-disabled-color.tiff in Resources */ = {isa = PBXBuildFile; fileRef = F808CE1E1B0F0AE600124EE4 /* close-inactive-disabled-color.tiff */; };
		F808CE2E1B0F0AE600124EE4 /* close-pd-color.tiff in Resources */ = {isa = PBXBuildFile; fileRef = F808CE1F1B0F0AE600124EE4 /* close-pd-color.tiff */; };
		F808CE2F1B0F0AE600124EE4 /* close-rollover-color.tiff in Resources */ = {isa = PBXBuildFile; fileRef = F808CE201B0F0AE600124EE4 /* close-rollover-color.tiff */; };
		F808CE301B0F0AE600124EE4 /* minimize-active-color.tiff in Resources */ = {isa = PBXBuildFile; fileRef = F808CE211B0F0AE600124EE4 /* minimize-active-color.tiff */; };
		F808CE311B0F0AE600124EE4 /* minimize-activenokey-color.tiff in Resources */ = {isa = PBXBuildFile; fileRef = F808CE221B0F0AE600124EE4 /* minimize-activenokey-color.tiff */; };
		F808CE321B0F0AE600124EE4 /* minimize-inactive-disabled-color.tiff in Resources */ = {isa = PBXBuildFile; fileRef = F808CE231B0F0AE600124EE4 /* minimize-inactive-disabled-color.tiff */; };
		F808CE331B0F0AE600124EE4 /* minimize-pd-color.tiff in Resources */ = {isa = PBXBuildFile; fileRef = F808CE241B0F0AE600124EE4 /* minimize-pd-color.tiff */; };
		F808CE341B0F0AE600124EE4 /* minimize-rollover-color.tiff in Resources */ = {isa = PBXBuildFile; fileRef = F808CE251B0F0AE600124EE4 /* minimize-rollover-color.tiff */; };
		F808CE351B0F0AE600124EE4 /* zoom-active-color.tiff in Resources */ = {isa = PBXBuildFile; fileRef = F808CE261B0F0AE600124EE4 /* zoom-active-color.tiff */; };
		F808CE361B0F0AE600124EE4 /* zoom-activenokey-color.tiff in Resources */ = {isa = PBXBuildFile; fileRef = F808CE271B0F0AE600124EE4 /* zoom-activenokey-color.tiff */; };
		F808CE371B0F0AE600124EE4 /* zoom-inactive-disabled-color.tiff in Resources */ = {isa = PBXBuildFile; fileRef = F808CE281B0F0AE600124EE4 /* zoom-inactive-disabled-color.tiff */; };
		F808CE381B0F0AE600124EE4 /* zoom-pd-color.tiff in Resources */ = {isa = PBXBuildFile; fileRef = F808CE291B0F0AE600124EE4 /* zoom-pd-color.tiff */; };
		F808CE391B0F0AE600124EE4 /* zoom-rollover-color.tiff in Resources */ = {isa = PBXBuildFile; fileRef = F808CE2A1B0F0AE600124EE4 /* zoom-rollover-color.tiff */; };
		F808CE3C1B0F0F1200124EE4 /* left_bar.png in Resources */ = {isa = PBXBuildFile; fileRef = F808CE3A1B0F0F1200124EE4 /* left_bar.png */; };
		F808CE3D1B0F0F1200124EE4 /* right_bar.png in Resources */ = {isa = PBXBuildFile; fileRef = F808CE3B1B0F0F1200124EE4 /* right_bar.png */; };
		F808CE411B0F2B2000124EE4 /* HomeViewController.m in Sources */ = {isa = PBXBuildFile; fileRef = F808CE3F1B0F2B2000124EE4 /* HomeViewController.m */; };
		F808CE421B0F2B2000124EE4 /* HomeViewController.xib in Resources */ = {isa = PBXBuildFile; fileRef = F808CE401B0F2B2000124EE4 /* HomeViewController.xib */; };
		F80DFC401B0D842500C1707F /* CommonFunction.m in Sources */ = {isa = PBXBuildFile; fileRef = F80DFC3F1B0D842500C1707F /* CommonFunction.m */; };
		F80DFC421B0D84B800C1707F /* libsqlite3.0.dylib in Frameworks */ = {isa = PBXBuildFile; fileRef = F80DFC411B0D84B800C1707F /* libsqlite3.0.dylib */; };
		F80DFC791B0DB46700C1707F /* user_data.sqlite in Resources */ = {isa = PBXBuildFile; fileRef = F80DFC781B0DB46700C1707F /* user_data.sqlite */; };
		F80DFC7C1B0DB9BA00C1707F /* SLTask.m in Sources */ = {isa = PBXBuildFile; fileRef = F80DFC7B1B0DB9BA00C1707F /* SLTask.m */; };
		F80DFC7F1B0DC2B200C1707F /* SLUser.m in Sources */ = {isa = PBXBuildFile; fileRef = F80DFC7E1B0DC2B200C1707F /* SLUser.m */; };
		F80EFAD11AFC569200CAED79 /* AppDelegate.m in Sources */ = {isa = PBXBuildFile; fileRef = F80EFAD01AFC569200CAED79 /* AppDelegate.m */; };
		F80EFAD31AFC569200CAED79 /* main.m in Sources */ = {isa = PBXBuildFile; fileRef = F80EFAD21AFC569200CAED79 /* main.m */; };
		F80EFAD51AFC569200CAED79 /* Images.xcassets in Resources */ = {isa = PBXBuildFile; fileRef = F80EFAD41AFC569200CAED79 /* Images.xcassets */; };
		F80EFAD81AFC569200CAED79 /* MainMenu.xib in Resources */ = {isa = PBXBuildFile; fileRef = F80EFAD61AFC569200CAED79 /* MainMenu.xib */; };
		F80EFAE41AFC569200CAED79 /* worklistTests.m in Sources */ = {isa = PBXBuildFile; fileRef = F80EFAE31AFC569200CAED79 /* worklistTests.m */; };
		F80EFAEF1AFC85C300CAED79 /* icon.icns in Resources */ = {isa = PBXBuildFile; fileRef = F80EFAEE1AFC85C300CAED79 /* icon.icns */; };
		F80EFAF21AFC88E100CAED79 /* status_icon.png in Resources */ = {isa = PBXBuildFile; fileRef = F80EFAF01AFC88E100CAED79 /* status_icon.png */; };
		F80EFAF31AFC88E100CAED79 /* status_icon@2x.png in Resources */ = {isa = PBXBuildFile; fileRef = F80EFAF11AFC88E100CAED79 /* status_icon@2x.png */; };
		F80EFAF71AFC8E2A00CAED79 /* PopOverViewController.m in Sources */ = {isa = PBXBuildFile; fileRef = F80EFAF51AFC8E2A00CAED79 /* PopOverViewController.m */; };
		F80EFAF81AFC8E2A00CAED79 /* PopOverViewController.xib in Resources */ = {isa = PBXBuildFile; fileRef = F80EFAF61AFC8E2A00CAED79 /* PopOverViewController.xib */; };
		F80EFAFC1AFCA81200CAED79 /* work_list_fon.png in Resources */ = {isa = PBXBuildFile; fileRef = F80EFAFA1AFCA81200CAED79 /* work_list_fon.png */; };
		F80EFAFE1AFCA90400CAED79 /* add_button.png in Resources */ = {isa = PBXBuildFile; fileRef = F80EFAFD1AFCA90400CAED79 /* add_button.png */; };
		F815AE841B031ED50014E5E4 /* GVFileNotificationCenter.m in Sources */ = {isa = PBXBuildFile; fileRef = F815AE831B031ED50014E5E4 /* GVFileNotificationCenter.m */; };
		F82D40B41B0B0A26007FD007 /* last_icon.png in Resources */ = {isa = PBXBuildFile; fileRef = F82D40AF1B0B0A26007FD007 /* last_icon.png */; };
		F82D40B51B0B0A26007FD007 /* month_later.png in Resources */ = {isa = PBXBuildFile; fileRef = F82D40B01B0B0A26007FD007 /* month_later.png */; };
		F82D40B61B0B0A26007FD007 /* next_icon.png in Resources */ = {isa = PBXBuildFile; fileRef = F82D40B11B0B0A26007FD007 /* next_icon.png */; };
		F82D40B71B0B0A26007FD007 /* tomorrow.png in Resources */ = {isa = PBXBuildFile; fileRef = F82D40B21B0B0A26007FD007 /* tomorrow.png */; };
		F82D40B81B0B0A26007FD007 /* week_later.png in Resources */ = {isa = PBXBuildFile; fileRef = F82D40B31B0B0A26007FD007 /* week_later.png */; };
		F82D40BC1B0B0AD7007FD007 /* PopCalendarViewController.m in Sources */ = {isa = PBXBuildFile; fileRef = F82D40BA1B0B0AD7007FD007 /* PopCalendarViewController.m */; };
		F82D40BD1B0B0AD7007FD007 /* PopCalendarViewController.xib in Resources */ = {isa = PBXBuildFile; fileRef = F82D40BB1B0B0AD7007FD007 /* PopCalendarViewController.xib */; };
		F82D40C01B0B117D007FD007 /* hour_later.png in Resources */ = {isa = PBXBuildFile; fileRef = F82D40BE1B0B117D007FD007 /* hour_later.png */; };
		F82D40C11B0B117D007FD007 /* three_hours_later.png in Resources */ = {isa = PBXBuildFile; fileRef = F82D40BF1B0B117D007FD007 /* three_hours_later.png */; };
		F82D40C51B0B1C9A007FD007 /* EventButton.m in Sources */ = {isa = PBXBuildFile; fileRef = F82D40C41B0B1C9A007FD007 /* EventButton.m */; };
		F82D40C71B0B20A0007FD007 /* month_later_normal.png in Resources */ = {isa = PBXBuildFile; fileRef = F82D40C61B0B20A0007FD007 /* month_later_normal.png */; };
		F82D40CC1B0B3505007FD007 /* hour_later_nomal.png in Resources */ = {isa = PBXBuildFile; fileRef = F82D40C81B0B3505007FD007 /* hour_later_nomal.png */; };
		F82D40CD1B0B3505007FD007 /* three_hours_later_normal.png in Resources */ = {isa = PBXBuildFile; fileRef = F82D40C91B0B3505007FD007 /* three_hours_later_normal.png */; };
		F82D40CE1B0B3505007FD007 /* tomorrow_normal.png in Resources */ = {isa = PBXBuildFile; fileRef = F82D40CA1B0B3505007FD007 /* tomorrow_normal.png */; };
		F82D40CF1B0B3505007FD007 /* week_later_normal.png in Resources */ = {isa = PBXBuildFile; fileRef = F82D40CB1B0B3505007FD007 /* week_later_normal.png */; };
		F8F457471B0053FA00E1D711 /* AMCStrechableButton.m in Sources */ = {isa = PBXBuildFile; fileRef = F8F457421B0053FA00E1D711 /* AMCStrechableButton.m */; };
		F8F457481B0053FA00E1D711 /* NSButton+Addation.m in Sources */ = {isa = PBXBuildFile; fileRef = F8F457441B0053FA00E1D711 /* NSButton+Addation.m */; };
		F8F457491B0053FA00E1D711 /* NSColor+AMC.m in Sources */ = {isa = PBXBuildFile; fileRef = F8F457461B0053FA00E1D711 /* NSColor+AMC.m */; };
		F8F4574C1B00541C00E1D711 /* UIView.m in Sources */ = {isa = PBXBuildFile; fileRef = F8F4574B1B00541C00E1D711 /* UIView.m */; };
		F8F66F731B09AB7B006B7D97 /* calendar.png in Resources */ = {isa = PBXBuildFile; fileRef = F8F66F721B09AB7B006B7D97 /* calendar.png */; };
		F8F66F761B09AD73006B7D97 /* alarm_off.png in Resources */ = {isa = PBXBuildFile; fileRef = F8F66F741B09AD73006B7D97 /* alarm_off.png */; };
		F8F66F771B09AD73006B7D97 /* alarm_on.png in Resources */ = {isa = PBXBuildFile; fileRef = F8F66F751B09AD73006B7D97 /* alarm_on.png */; };
		F8F66F791B09BEFA006B7D97 /* category.png in Resources */ = {isa = PBXBuildFile; fileRef = F8F66F781B09BEFA006B7D97 /* category.png */; };
		F8F66F7E1B09D1FE006B7D97 /* UIBoxLine.m in Sources */ = {isa = PBXBuildFile; fileRef = F8F66F7D1B09D1FE006B7D97 /* UIBoxLine.m */; };
/* End PBXBuildFile section */

/* Begin PBXContainerItemProxy section */
		F80EFADE1AFC569200CAED79 /* PBXContainerItemProxy */ = {
			isa = PBXContainerItemProxy;
			containerPortal = F80EFAC21AFC569200CAED79 /* Project object */;
			proxyType = 1;
			remoteGlobalIDString = F80EFAC91AFC569200CAED79;
			remoteInfo = worklist;
		};
/* End PBXContainerItemProxy section */

/* Begin PBXFileReference section */
		F8002FCA1B0C810E002CBB4C /* add_to_list.png */ = {isa = PBXFileReference; lastKnownFileType = image.png; path = add_to_list.png; sourceTree = "<group>"; };
		F8007E3E1B01FA4400DA161B /* NSTextFielAddition.h */ = {isa = PBXFileReference; fileEncoding = 4; lastKnownFileType = sourcecode.c.h; name = NSTextFielAddition.h; path = worklist/NSTextFielAddition.h; sourceTree = "<group>"; };
		F8007E3F1B01FA4400DA161B /* NSTextFielAddition.m */ = {isa = PBXFileReference; fileEncoding = 4; lastKnownFileType = sourcecode.c.objc; name = NSTextFielAddition.m; path = worklist/NSTextFielAddition.m; sourceTree = "<group>"; };
		F808CDDB1B0EFD1600124EE4 /* INAppStoreWindow.h */ = {isa = PBXFileReference; fileEncoding = 4; lastKnownFileType = sourcecode.c.h; path = INAppStoreWindow.h; sourceTree = "<group>"; };
		F808CDDC1B0EFD1600124EE4 /* INAppStoreWindow.m */ = {isa = PBXFileReference; fileEncoding = 4; lastKnownFileType = sourcecode.c.objc; path = INAppStoreWindow.m; sourceTree = "<group>"; };
		F808CDDD1B0EFD1600124EE4 /* INWindowButton.h */ = {isa = PBXFileReference; fileEncoding = 4; lastKnownFileType = sourcecode.c.h; path = INWindowButton.h; sourceTree = "<group>"; };
		F808CDDE1B0EFD1600124EE4 /* INWindowButton.m */ = {isa = PBXFileReference; fileEncoding = 4; lastKnownFileType = sourcecode.c.objc; path = INWindowButton.m; sourceTree = "<group>"; };
		F808CE121B0F093D00124EE4 /* INAppStoreWindowSwizzling.c */ = {isa = PBXFileReference; fileEncoding = 4; lastKnownFileType = sourcecode.c.c; path = INAppStoreWindowSwizzling.c; sourceTree = "<group>"; };
		F808CE131B0F093D00124EE4 /* INAppStoreWindowSwizzling.h */ = {isa = PBXFileReference; fileEncoding = 4; lastKnownFileType = sourcecode.c.h; path = INAppStoreWindowSwizzling.h; sourceTree = "<group>"; };
		F808CE141B0F093D00124EE4 /* INWindowBackgroundView+CoreUIRendering.h */ = {isa = PBXFileReference; fileEncoding = 4; lastKnownFileType = sourcecode.c.h; path = "INWindowBackgroundView+CoreUIRendering.h"; sourceTree = "<group>"; };
		F808CE151B0F093D00124EE4 /* INWindowBackgroundView+CoreUIRendering.m */ = {isa = PBXFileReference; fileEncoding = 4; lastKnownFileType = sourcecode.c.objc; path = "INWindowBackgroundView+CoreUIRendering.m"; sourceTree = "<group>"; };
		F808CE161B0F093D00124EE4 /* NSDocument+INAppStoreWindowFixes.h */ = {isa = PBXFileReference; fileEncoding = 4; lastKnownFileType = sourcecode.c.h; path = "NSDocument+INAppStoreWindowFixes.h"; sourceTree = "<group>"; };
		F808CE171B0F093D00124EE4 /* NSDocument+INAppStoreWindowFixes.m */ = {isa = PBXFileReference; fileEncoding = 4; lastKnownFileType = sourcecode.c.objc; path = "NSDocument+INAppStoreWindowFixes.m"; sourceTree = "<group>"; };
		F808CE181B0F093D00124EE4 /* INAppStoreWindowCompatibility.h */ = {isa = PBXFileReference; fileEncoding = 4; lastKnownFileType = sourcecode.c.h; name = INAppStoreWindowCompatibility.h; path = worklist/INAppStoreWindow/INAppStoreWindowCompatibility.h; sourceTree = SOURCE_ROOT; };
		F808CE1C1B0F0AE600124EE4 /* close-active-color.tiff */ = {isa = PBXFileReference; lastKnownFileType = image.tiff; path = "close-active-color.tiff"; sourceTree = "<group>"; };
		F808CE1D1B0F0AE600124EE4 /* close-activenokey-color.tiff */ = {isa = PBXFileReference; lastKnownFileType = image.tiff; path = "close-activenokey-color.tiff"; sourceTree = "<group>"; };
		F808CE1E1B0F0AE600124EE4 /* close-inactive-disabled-color.tiff */ = {isa = PBXFileReference; lastKnownFileType = image.tiff; path = "close-inactive-disabled-color.tiff"; sourceTree = "<group>"; };
		F808CE1F1B0F0AE600124EE4 /* close-pd-color.tiff */ = {isa = PBXFileReference; lastKnownFileType = image.tiff; path = "close-pd-color.tiff"; sourceTree = "<group>"; };
		F808CE201B0F0AE600124EE4 /* close-rollover-color.tiff */ = {isa = PBXFileReference; lastKnownFileType = image.tiff; path = "close-rollover-color.tiff"; sourceTree = "<group>"; };
		F808CE211B0F0AE600124EE4 /* minimize-active-color.tiff */ = {isa = PBXFileReference; lastKnownFileType = image.tiff; path = "minimize-active-color.tiff"; sourceTree = "<group>"; };
		F808CE221B0F0AE600124EE4 /* minimize-activenokey-color.tiff */ = {isa = PBXFileReference; lastKnownFileType = image.tiff; path = "minimize-activenokey-color.tiff"; sourceTree = "<group>"; };
		F808CE231B0F0AE600124EE4 /* minimize-inactive-disabled-color.tiff */ = {isa = PBXFileReference; lastKnownFileType = image.tiff; path = "minimize-inactive-disabled-color.tiff"; sourceTree = "<group>"; };
		F808CE241B0F0AE600124EE4 /* minimize-pd-color.tiff */ = {isa = PBXFileReference; lastKnownFileType = image.tiff; path = "minimize-pd-color.tiff"; sourceTree = "<group>"; };
		F808CE251B0F0AE600124EE4 /* minimize-rollover-color.tiff */ = {isa = PBXFileReference; lastKnownFileType = image.tiff; path = "minimize-rollover-color.tiff"; sourceTree = "<group>"; };
		F808CE261B0F0AE600124EE4 /* zoom-active-color.tiff */ = {isa = PBXFileReference; lastKnownFileType = image.tiff; path = "zoom-active-color.tiff"; sourceTree = "<group>"; };
		F808CE271B0F0AE600124EE4 /* zoom-activenokey-color.tiff */ = {isa = PBXFileReference; lastKnownFileType = image.tiff; path = "zoom-activenokey-color.tiff"; sourceTree = "<group>"; };
		F808CE281B0F0AE600124EE4 /* zoom-inactive-disabled-color.tiff */ = {isa = PBXFileReference; lastKnownFileType = image.tiff; path = "zoom-inactive-disabled-color.tiff"; sourceTree = "<group>"; };
		F808CE291B0F0AE600124EE4 /* zoom-pd-color.tiff */ = {isa = PBXFileReference; lastKnownFileType = image.tiff; path = "zoom-pd-color.tiff"; sourceTree = "<group>"; };
		F808CE2A1B0F0AE600124EE4 /* zoom-rollover-color.tiff */ = {isa = PBXFileReference; lastKnownFileType = image.tiff; path = "zoom-rollover-color.tiff"; sourceTree = "<group>"; };
		F808CE3A1B0F0F1200124EE4 /* left_bar.png */ = {isa = PBXFileReference; lastKnownFileType = image.png; name = left_bar.png; path = worklist/left_bar.png; sourceTree = "<group>"; };
		F808CE3B1B0F0F1200124EE4 /* right_bar.png */ = {isa = PBXFileReference; lastKnownFileType = image.png; name = right_bar.png; path = worklist/right_bar.png; sourceTree = "<group>"; };
		F808CE3E1B0F2B2000124EE4 /* HomeViewController.h */ = {isa = PBXFileReference; fileEncoding = 4; lastKnownFileType = sourcecode.c.h; name = HomeViewController.h; path = worklist/HomeViewController.h; sourceTree = "<group>"; };
		F808CE3F1B0F2B2000124EE4 /* HomeViewController.m */ = {isa = PBXFileReference; fileEncoding = 4; lastKnownFileType = sourcecode.c.objc; name = HomeViewController.m; path = worklist/HomeViewController.m; sourceTree = "<group>"; };
		F808CE401B0F2B2000124EE4 /* HomeViewController.xib */ = {isa = PBXFileReference; fileEncoding = 4; lastKnownFileType = file.xib; name = HomeViewController.xib; path = worklist/HomeViewController.xib; sourceTree = "<group>"; };
		F80DFC3E1B0D842500C1707F /* CommonFunction.h */ = {isa = PBXFileReference; fileEncoding = 4; lastKnownFileType = sourcecode.c.h; name = CommonFunction.h; path = worklist/CommonFunction.h; sourceTree = "<group>"; };
		F80DFC3F1B0D842500C1707F /* CommonFunction.m */ = {isa = PBXFileReference; fileEncoding = 4; lastKnownFileType = sourcecode.c.objc; name = CommonFunction.m; path = worklist/CommonFunction.m; sourceTree = "<group>"; };
		F80DFC411B0D84B800C1707F /* libsqlite3.0.dylib */ = {isa = PBXFileReference; lastKnownFileType = "compiled.mach-o.dylib"; name = libsqlite3.0.dylib; path = usr/lib/libsqlite3.0.dylib; sourceTree = SDKROOT; };
		F80DFC781B0DB46700C1707F /* user_data.sqlite */ = {isa = PBXFileReference; lastKnownFileType = file; path = user_data.sqlite; sourceTree = "<group>"; };
		F80DFC7A1B0DB9BA00C1707F /* SLTask.h */ = {isa = PBXFileReference; fileEncoding = 4; lastKnownFileType = sourcecode.c.h; name = SLTask.h; path = worklist/SLTask.h; sourceTree = "<group>"; };
		F80DFC7B1B0DB9BA00C1707F /* SLTask.m */ = {isa = PBXFileReference; fileEncoding = 4; lastKnownFileType = sourcecode.c.objc; name = SLTask.m; path = worklist/SLTask.m; sourceTree = "<group>"; };
		F80DFC7D1B0DC2B200C1707F /* SLUser.h */ = {isa = PBXFileReference; fileEncoding = 4; lastKnownFileType = sourcecode.c.h; name = SLUser.h; path = worklist/SLUser.h; sourceTree = "<group>"; };
		F80DFC7E1B0DC2B200C1707F /* SLUser.m */ = {isa = PBXFileReference; fileEncoding = 4; lastKnownFileType = sourcecode.c.objc; name = SLUser.m; path = worklist/SLUser.m; sourceTree = "<group>"; };
		F80EFACA1AFC569200CAED79 /* worklist.app */ = {isa = PBXFileReference; explicitFileType = wrapper.application; includeInIndex = 0; path = worklist.app; sourceTree = BUILT_PRODUCTS_DIR; };
		F80EFACE1AFC569200CAED79 /* Info.plist */ = {isa = PBXFileReference; lastKnownFileType = text.plist.xml; path = Info.plist; sourceTree = "<group>"; };
		F80EFACF1AFC569200CAED79 /* AppDelegate.h */ = {isa = PBXFileReference; lastKnownFileType = sourcecode.c.h; path = AppDelegate.h; sourceTree = "<group>"; };
		F80EFAD01AFC569200CAED79 /* AppDelegate.m */ = {isa = PBXFileReference; lastKnownFileType = sourcecode.c.objc; path = AppDelegate.m; sourceTree = "<group>"; };
		F80EFAD21AFC569200CAED79 /* main.m */ = {isa = PBXFileReference; lastKnownFileType = sourcecode.c.objc; path = main.m; sourceTree = "<group>"; };
		F80EFAD41AFC569200CAED79 /* Images.xcassets */ = {isa = PBXFileReference; lastKnownFileType = folder.assetcatalog; path = Images.xcassets; sourceTree = "<group>"; };
		F80EFAD71AFC569200CAED79 /* Base */ = {isa = PBXFileReference; lastKnownFileType = file.xib; name = Base; path = Base.lproj/MainMenu.xib; sourceTree = "<group>"; };
		F80EFADD1AFC569200CAED79 /* worklistTests.xctest */ = {isa = PBXFileReference; explicitFileType = wrapper.cfbundle; includeInIndex = 0; path = worklistTests.xctest; sourceTree = BUILT_PRODUCTS_DIR; };
		F80EFAE21AFC569200CAED79 /* Info.plist */ = {isa = PBXFileReference; lastKnownFileType = text.plist.xml; path = Info.plist; sourceTree = "<group>"; };
		F80EFAE31AFC569200CAED79 /* worklistTests.m */ = {isa = PBXFileReference; lastKnownFileType = sourcecode.c.objc; path = worklistTests.m; sourceTree = "<group>"; };
		F80EFAEE1AFC85C300CAED79 /* icon.icns */ = {isa = PBXFileReference; lastKnownFileType = image.icns; name = icon.icns; path = worklist/icon.icns; sourceTree = "<group>"; };
		F80EFAF01AFC88E100CAED79 /* status_icon.png */ = {isa = PBXFileReference; lastKnownFileType = image.png; name = status_icon.png; path = worklist/status_icon.png; sourceTree = "<group>"; };
		F80EFAF11AFC88E100CAED79 /* status_icon@2x.png */ = {isa = PBXFileReference; lastKnownFileType = image.png; name = "status_icon@2x.png"; path = "worklist/status_icon@2x.png"; sourceTree = "<group>"; };
		F80EFAF41AFC8E2A00CAED79 /* PopOverViewController.h */ = {isa = PBXFileReference; fileEncoding = 4; lastKnownFileType = sourcecode.c.h; name = PopOverViewController.h; path = worklist/PopOverViewController.h; sourceTree = "<group>"; };
		F80EFAF51AFC8E2A00CAED79 /* PopOverViewController.m */ = {isa = PBXFileReference; fileEncoding = 4; lastKnownFileType = sourcecode.c.objc; name = PopOverViewController.m; path = worklist/PopOverViewController.m; sourceTree = "<group>"; };
		F80EFAF61AFC8E2A00CAED79 /* PopOverViewController.xib */ = {isa = PBXFileReference; fileEncoding = 4; lastKnownFileType = file.xib; name = PopOverViewController.xib; path = worklist/PopOverViewController.xib; sourceTree = "<group>"; };
		F80EFAFA1AFCA81200CAED79 /* work_list_fon.png */ = {isa = PBXFileReference; lastKnownFileType = image.png; name = work_list_fon.png; path = worklist/work_list_fon.png; sourceTree = "<group>"; };
		F80EFAFD1AFCA90400CAED79 /* add_button.png */ = {isa = PBXFileReference; lastKnownFileType = image.png; name = add_button.png; path = worklist/add_button.png; sourceTree = "<group>"; };
		F815AE821B031ED50014E5E4 /* GVFileNotificationCenter.h */ = {isa = PBXFileReference; fileEncoding = 4; lastKnownFileType = sourcecode.c.h; name = GVFileNotificationCenter.h; path = worklist/GVFileNotificationCenter.h; sourceTree = "<group>"; };
		F815AE831B031ED50014E5E4 /* GVFileNotificationCenter.m */ = {isa = PBXFileReference; fileEncoding = 4; lastKnownFileType = sourcecode.c.objc; name = GVFileNotificationCenter.m; path = worklist/GVFileNotificationCenter.m; sourceTree = "<group>"; };
		F82D40AF1B0B0A26007FD007 /* last_icon.png */ = {isa = PBXFileReference; lastKnownFileType = image.png; name = last_icon.png; path = worklist/last_icon.png; sourceTree = "<group>"; };
		F82D40B01B0B0A26007FD007 /* month_later.png */ = {isa = PBXFileReference; lastKnownFileType = image.png; name = month_later.png; path = worklist/month_later.png; sourceTree = "<group>"; };
		F82D40B11B0B0A26007FD007 /* next_icon.png */ = {isa = PBXFileReference; lastKnownFileType = image.png; name = next_icon.png; path = worklist/next_icon.png; sourceTree = "<group>"; };
		F82D40B21B0B0A26007FD007 /* tomorrow.png */ = {isa = PBXFileReference; lastKnownFileType = image.png; name = tomorrow.png; path = worklist/tomorrow.png; sourceTree = "<group>"; };
		F82D40B31B0B0A26007FD007 /* week_later.png */ = {isa = PBXFileReference; lastKnownFileType = image.png; name = week_later.png; path = worklist/week_later.png; sourceTree = "<group>"; };
		F82D40B91B0B0AD7007FD007 /* PopCalendarViewController.h */ = {isa = PBXFileReference; fileEncoding = 4; lastKnownFileType = sourcecode.c.h; name = PopCalendarViewController.h; path = worklist/PopCalendarViewController.h; sourceTree = "<group>"; };
		F82D40BA1B0B0AD7007FD007 /* PopCalendarViewController.m */ = {isa = PBXFileReference; fileEncoding = 4; lastKnownFileType = sourcecode.c.objc; name = PopCalendarViewController.m; path = worklist/PopCalendarViewController.m; sourceTree = "<group>"; };
		F82D40BB1B0B0AD7007FD007 /* PopCalendarViewController.xib */ = {isa = PBXFileReference; fileEncoding = 4; lastKnownFileType = file.xib; name = PopCalendarViewController.xib; path = worklist/PopCalendarViewController.xib; sourceTree = "<group>"; };
		F82D40BE1B0B117D007FD007 /* hour_later.png */ = {isa = PBXFileReference; lastKnownFileType = image.png; name = hour_later.png; path = worklist/hour_later.png; sourceTree = "<group>"; };
		F82D40BF1B0B117D007FD007 /* three_hours_later.png */ = {isa = PBXFileReference; lastKnownFileType = image.png; name = three_hours_later.png; path = worklist/three_hours_later.png; sourceTree = "<group>"; };
		F82D40C21B0B1421007FD007 /* common.h */ = {isa = PBXFileReference; fileEncoding = 4; lastKnownFileType = sourcecode.c.h; path = common.h; sourceTree = "<group>"; };
		F82D40C31B0B1C9A007FD007 /* EventButton.h */ = {isa = PBXFileReference; fileEncoding = 4; lastKnownFileType = sourcecode.c.h; name = EventButton.h; path = worklist/EventButton.h; sourceTree = "<group>"; };
		F82D40C41B0B1C9A007FD007 /* EventButton.m */ = {isa = PBXFileReference; fileEncoding = 4; lastKnownFileType = sourcecode.c.objc; name = EventButton.m; path = worklist/EventButton.m; sourceTree = "<group>"; };
		F82D40C61B0B20A0007FD007 /* month_later_normal.png */ = {isa = PBXFileReference; lastKnownFileType = image.png; name = month_later_normal.png; path = worklist/month_later_normal.png; sourceTree = "<group>"; };
		F82D40C81B0B3505007FD007 /* hour_later_nomal.png */ = {isa = PBXFileReference; lastKnownFileType = image.png; name = hour_later_nomal.png; path = worklist/hour_later_nomal.png; sourceTree = "<group>"; };
		F82D40C91B0B3505007FD007 /* three_hours_later_normal.png */ = {isa = PBXFileReference; lastKnownFileType = image.png; name = three_hours_later_normal.png; path = worklist/three_hours_later_normal.png; sourceTree = "<group>"; };
		F82D40CA1B0B3505007FD007 /* tomorrow_normal.png */ = {isa = PBXFileReference; lastKnownFileType = image.png; name = tomorrow_normal.png; path = worklist/tomorrow_normal.png; sourceTree = "<group>"; };
		F82D40CB1B0B3505007FD007 /* week_later_normal.png */ = {isa = PBXFileReference; lastKnownFileType = image.png; name = week_later_normal.png; path = worklist/week_later_normal.png; sourceTree = "<group>"; };
		F8F457411B0053FA00E1D711 /* AMCStrechableButton.h */ = {isa = PBXFileReference; fileEncoding = 4; lastKnownFileType = sourcecode.c.h; name = AMCStrechableButton.h; path = worklist/AMCStrechableButton.h; sourceTree = "<group>"; };
		F8F457421B0053FA00E1D711 /* AMCStrechableButton.m */ = {isa = PBXFileReference; fileEncoding = 4; lastKnownFileType = sourcecode.c.objc; name = AMCStrechableButton.m; path = worklist/AMCStrechableButton.m; sourceTree = "<group>"; };
		F8F457431B0053FA00E1D711 /* NSButton+Addation.h */ = {isa = PBXFileReference; fileEncoding = 4; lastKnownFileType = sourcecode.c.h; name = "NSButton+Addation.h"; path = "worklist/NSButton+Addation.h"; sourceTree = "<group>"; };
		F8F457441B0053FA00E1D711 /* NSButton+Addation.m */ = {isa = PBXFileReference; fileEncoding = 4; lastKnownFileType = sourcecode.c.objc; name = "NSButton+Addation.m"; path = "worklist/NSButton+Addation.m"; sourceTree = "<group>"; };
		F8F457451B0053FA00E1D711 /* NSColor+AMC.h */ = {isa = PBXFileReference; fileEncoding = 4; lastKnownFileType = sourcecode.c.h; name = "NSColor+AMC.h"; path = "worklist/NSColor+AMC.h"; sourceTree = "<group>"; };
		F8F457461B0053FA00E1D711 /* NSColor+AMC.m */ = {isa = PBXFileReference; fileEncoding = 4; lastKnownFileType = sourcecode.c.objc; name = "NSColor+AMC.m"; path = "worklist/NSColor+AMC.m"; sourceTree = "<group>"; };
		F8F4574A1B00541C00E1D711 /* UIView.h */ = {isa = PBXFileReference; fileEncoding = 4; lastKnownFileType = sourcecode.c.h; name = UIView.h; path = worklist/UIView.h; sourceTree = "<group>"; };
		F8F4574B1B00541C00E1D711 /* UIView.m */ = {isa = PBXFileReference; fileEncoding = 4; lastKnownFileType = sourcecode.c.objc; name = UIView.m; path = worklist/UIView.m; sourceTree = "<group>"; };
		F8F66F721B09AB7B006B7D97 /* calendar.png */ = {isa = PBXFileReference; lastKnownFileType = image.png; name = calendar.png; path = worklist/calendar.png; sourceTree = "<group>"; };
		F8F66F741B09AD73006B7D97 /* alarm_off.png */ = {isa = PBXFileReference; lastKnownFileType = image.png; name = alarm_off.png; path = worklist/alarm_off.png; sourceTree = "<group>"; };
		F8F66F751B09AD73006B7D97 /* alarm_on.png */ = {isa = PBXFileReference; lastKnownFileType = image.png; name = alarm_on.png; path = worklist/alarm_on.png; sourceTree = "<group>"; };
		F8F66F781B09BEFA006B7D97 /* category.png */ = {isa = PBXFileReference; lastKnownFileType = image.png; name = category.png; path = worklist/category.png; sourceTree = "<group>"; };
		F8F66F7C1B09D1FE006B7D97 /* UIBoxLine.h */ = {isa = PBXFileReference; fileEncoding = 4; lastKnownFileType = sourcecode.c.h; name = UIBoxLine.h; path = worklist/UIBoxLine.h; sourceTree = "<group>"; };
		F8F66F7D1B09D1FE006B7D97 /* UIBoxLine.m */ = {isa = PBXFileReference; fileEncoding = 4; lastKnownFileType = sourcecode.c.objc; name = UIBoxLine.m; path = worklist/UIBoxLine.m; sourceTree = "<group>"; };
/* End PBXFileReference section */

/* Begin PBXFrameworksBuildPhase section */
		F80EFAC71AFC569200CAED79 /* Frameworks */ = {
			isa = PBXFrameworksBuildPhase;
			buildActionMask = 2147483647;
			files = (
				F80DFC421B0D84B800C1707F /* libsqlite3.0.dylib in Frameworks */,
			);
			runOnlyForDeploymentPostprocessing = 0;
		};
		F80EFADA1AFC569200CAED79 /* Frameworks */ = {
			isa = PBXFrameworksBuildPhase;
			buildActionMask = 2147483647;
			files = (
			);
			runOnlyForDeploymentPostprocessing = 0;
		};
/* End PBXFrameworksBuildPhase section */

/* Begin PBXGroup section */
		F8002FC91B0C80DA002CBB4C /* images */ = {
			isa = PBXGroup;
			children = (
				F80DFC781B0DB46700C1707F /* user_data.sqlite */,
				F8002FCA1B0C810E002CBB4C /* add_to_list.png */,
			);
			path = images;
			sourceTree = "<group>";
		};
		F808CDA91B0EFD1600124EE4 /* INAppStoreWindow */ = {
			isa = PBXGroup;
			children = (
				F808CDAA1B0EFD1600124EE4 /* images */,
				F808CE181B0F093D00124EE4 /* INAppStoreWindowCompatibility.h */,
				F808CDDB1B0EFD1600124EE4 /* INAppStoreWindow.h */,
				F808CDDC1B0EFD1600124EE4 /* INAppStoreWindow.m */,
				F808CDDD1B0EFD1600124EE4 /* INWindowButton.h */,
				F808CDDE1B0EFD1600124EE4 /* INWindowButton.m */,
			);
			name = INAppStoreWindow;
			path = worklist/INAppStoreWindow;
			sourceTree = "<group>";
		};
		F808CDAA1B0EFD1600124EE4 /* images */ = {
			isa = PBXGroup;
			children = (
				F808CE111B0F093D00124EE4 /* Extensions */,
			);
			path = images;
			sourceTree = "<group>";
		};
		F808CE111B0F093D00124EE4 /* Extensions */ = {
			isa = PBXGroup;
			children = (
				F808CE1C1B0F0AE600124EE4 /* close-active-color.tiff */,
				F808CE1D1B0F0AE600124EE4 /* close-activenokey-color.tiff */,
				F808CE1E1B0F0AE600124EE4 /* close-inactive-disabled-color.tiff */,
				F808CE1F1B0F0AE600124EE4 /* close-pd-color.tiff */,
				F808CE201B0F0AE600124EE4 /* close-rollover-color.tiff */,
				F808CE211B0F0AE600124EE4 /* minimize-active-color.tiff */,
				F808CE221B0F0AE600124EE4 /* minimize-activenokey-color.tiff */,
				F808CE231B0F0AE600124EE4 /* minimize-inactive-disabled-color.tiff */,
				F808CE241B0F0AE600124EE4 /* minimize-pd-color.tiff */,
				F808CE251B0F0AE600124EE4 /* minimize-rollover-color.tiff */,
				F808CE261B0F0AE600124EE4 /* zoom-active-color.tiff */,
				F808CE271B0F0AE600124EE4 /* zoom-activenokey-color.tiff */,
				F808CE281B0F0AE600124EE4 /* zoom-inactive-disabled-color.tiff */,
				F808CE291B0F0AE600124EE4 /* zoom-pd-color.tiff */,
				F808CE2A1B0F0AE600124EE4 /* zoom-rollover-color.tiff */,
				F808CE121B0F093D00124EE4 /* INAppStoreWindowSwizzling.c */,
				F808CE131B0F093D00124EE4 /* INAppStoreWindowSwizzling.h */,
				F808CE141B0F093D00124EE4 /* INWindowBackgroundView+CoreUIRendering.h */,
				F808CE151B0F093D00124EE4 /* INWindowBackgroundView+CoreUIRendering.m */,
				F808CE161B0F093D00124EE4 /* NSDocument+INAppStoreWindowFixes.h */,
				F808CE171B0F093D00124EE4 /* NSDocument+INAppStoreWindowFixes.m */,
			);
			name = Extensions;
			path = worklist/INAppStoreWindow/Extensions;
			sourceTree = SOURCE_ROOT;
		};
		F80EFAC11AFC569200CAED79 = {
			isa = PBXGroup;
			children = (
				F808CE3E1B0F2B2000124EE4 /* HomeViewController.h */,
				F808CE3F1B0F2B2000124EE4 /* HomeViewController.m */,
				F808CE401B0F2B2000124EE4 /* HomeViewController.xib */,
				F808CDA91B0EFD1600124EE4 /* INAppStoreWindow */,
				F80DFC7D1B0DC2B200C1707F /* SLUser.h */,
				F80DFC7E1B0DC2B200C1707F /* SLUser.m */,
				F80DFC7A1B0DB9BA00C1707F /* SLTask.h */,
				F80DFC7B1B0DB9BA00C1707F /* SLTask.m */,
				F80DFC411B0D84B800C1707F /* libsqlite3.0.dylib */,
				F80DFC3E1B0D842500C1707F /* CommonFunction.h */,
				F80DFC3F1B0D842500C1707F /* CommonFunction.m */,
				F8002FC91B0C80DA002CBB4C /* images */,
				F82D40C31B0B1C9A007FD007 /* EventButton.h */,
				F82D40C41B0B1C9A007FD007 /* EventButton.m */,
				F82D40C21B0B1421007FD007 /* common.h */,
				F82D40B91B0B0AD7007FD007 /* PopCalendarViewController.h */,
				F82D40BA1B0B0AD7007FD007 /* PopCalendarViewController.m */,
				F82D40BB1B0B0AD7007FD007 /* PopCalendarViewController.xib */,
				F8F66F7C1B09D1FE006B7D97 /* UIBoxLine.h */,
				F8F66F7D1B09D1FE006B7D97 /* UIBoxLine.m */,
				F815AE821B031ED50014E5E4 /* GVFileNotificationCenter.h */,
				F815AE831B031ED50014E5E4 /* GVFileNotificationCenter.m */,
				F8007E3E1B01FA4400DA161B /* NSTextFielAddition.h */,
				F8007E3F1B01FA4400DA161B /* NSTextFielAddition.m */,
				F80EFAF41AFC8E2A00CAED79 /* PopOverViewController.h */,
				F80EFAF51AFC8E2A00CAED79 /* PopOverViewController.m */,
				F80EFAF61AFC8E2A00CAED79 /* PopOverViewController.xib */,
				F80EFAED1AFC85A900CAED79 /* Resource */,
				F80EFACC1AFC569200CAED79 /* worklist */,
				F80EFAE01AFC569200CAED79 /* worklistTests */,
				F80EFACB1AFC569200CAED79 /* Products */,
			);
			sourceTree = "<group>";
		};
		F80EFACB1AFC569200CAED79 /* Products */ = {
			isa = PBXGroup;
			children = (
				F80EFACA1AFC569200CAED79 /* worklist.app */,
				F80EFADD1AFC569200CAED79 /* worklistTests.xctest */,
			);
			name = Products;
			sourceTree = "<group>";
		};
		F80EFACC1AFC569200CAED79 /* worklist */ = {
			isa = PBXGroup;
			children = (
				F80EFACF1AFC569200CAED79 /* AppDelegate.h */,
				F80EFAD01AFC569200CAED79 /* AppDelegate.m */,
				F80EFAD41AFC569200CAED79 /* Images.xcassets */,
				F80EFAD61AFC569200CAED79 /* MainMenu.xib */,
				F80EFACD1AFC569200CAED79 /* Supporting Files */,
			);
			path = worklist;
			sourceTree = "<group>";
		};
		F80EFACD1AFC569200CAED79 /* Supporting Files */ = {
			isa = PBXGroup;
			children = (
				F80EFACE1AFC569200CAED79 /* Info.plist */,
				F80EFAD21AFC569200CAED79 /* main.m */,
			);
			name = "Supporting Files";
			sourceTree = "<group>";
		};
		F80EFAE01AFC569200CAED79 /* worklistTests */ = {
			isa = PBXGroup;
			children = (
				F80EFAE31AFC569200CAED79 /* worklistTests.m */,
				F80EFAE11AFC569200CAED79 /* Supporting Files */,
			);
			path = worklistTests;
			sourceTree = "<group>";
		};
		F80EFAE11AFC569200CAED79 /* Supporting Files */ = {
			isa = PBXGroup;
			children = (
				F80EFAE21AFC569200CAED79 /* Info.plist */,
			);
			name = "Supporting Files";
			sourceTree = "<group>";
		};
		F80EFAED1AFC85A900CAED79 /* Resource */ = {
			isa = PBXGroup;
			children = (
				F808CE3A1B0F0F1200124EE4 /* left_bar.png */,
				F808CE3B1B0F0F1200124EE4 /* right_bar.png */,
				F82D40C81B0B3505007FD007 /* hour_later_nomal.png */,
				F82D40C91B0B3505007FD007 /* three_hours_later_normal.png */,
				F82D40CA1B0B3505007FD007 /* tomorrow_normal.png */,
				F82D40CB1B0B3505007FD007 /* week_later_normal.png */,
				F82D40C61B0B20A0007FD007 /* month_later_normal.png */,
				F82D40BE1B0B117D007FD007 /* hour_later.png */,
				F82D40BF1B0B117D007FD007 /* three_hours_later.png */,
				F82D40AF1B0B0A26007FD007 /* last_icon.png */,
				F82D40B01B0B0A26007FD007 /* month_later.png */,
				F82D40B11B0B0A26007FD007 /* next_icon.png */,
				F82D40B21B0B0A26007FD007 /* tomorrow.png */,
				F82D40B31B0B0A26007FD007 /* week_later.png */,
				F8F66F781B09BEFA006B7D97 /* category.png */,
				F8F66F741B09AD73006B7D97 /* alarm_off.png */,
				F8F66F751B09AD73006B7D97 /* alarm_on.png */,
				F8F66F721B09AB7B006B7D97 /* calendar.png */,
				F8F4574A1B00541C00E1D711 /* UIView.h */,
				F8F4574B1B00541C00E1D711 /* UIView.m */,
				F8F457411B0053FA00E1D711 /* AMCStrechableButton.h */,
				F8F457421B0053FA00E1D711 /* AMCStrechableButton.m */,
				F8F457431B0053FA00E1D711 /* NSButton+Addation.h */,
				F8F457441B0053FA00E1D711 /* NSButton+Addation.m */,
				F8F457451B0053FA00E1D711 /* NSColor+AMC.h */,
				F8F457461B0053FA00E1D711 /* NSColor+AMC.m */,
				F80EFAFD1AFCA90400CAED79 /* add_button.png */,
				F80EFAFA1AFCA81200CAED79 /* work_list_fon.png */,
				F80EFAF01AFC88E100CAED79 /* status_icon.png */,
				F80EFAF11AFC88E100CAED79 /* status_icon@2x.png */,
				F80EFAEE1AFC85C300CAED79 /* icon.icns */,
			);
			name = Resource;
			sourceTree = "<group>";
		};
/* End PBXGroup section */

/* Begin PBXNativeTarget section */
		F80EFAC91AFC569200CAED79 /* worklist */ = {
			isa = PBXNativeTarget;
			buildConfigurationList = F80EFAE71AFC569200CAED79 /* Build configuration list for PBXNativeTarget "worklist" */;
			buildPhases = (
				F80EFAC61AFC569200CAED79 /* Sources */,
				F80EFAC71AFC569200CAED79 /* Frameworks */,
				F80EFAC81AFC569200CAED79 /* Resources */,
			);
			buildRules = (
			);
			dependencies = (
			);
			name = worklist;
			productName = worklist;
			productReference = F80EFACA1AFC569200CAED79 /* worklist.app */;
			productType = "com.apple.product-type.application";
		};
		F80EFADC1AFC569200CAED79 /* worklistTests */ = {
			isa = PBXNativeTarget;
			buildConfigurationList = F80EFAEA1AFC569200CAED79 /* Build configuration list for PBXNativeTarget "worklistTests" */;
			buildPhases = (
				F80EFAD91AFC569200CAED79 /* Sources */,
				F80EFADA1AFC569200CAED79 /* Frameworks */,
				F80EFADB1AFC569200CAED79 /* Resources */,
			);
			buildRules = (
			);
			dependencies = (
				F80EFADF1AFC569200CAED79 /* PBXTargetDependency */,
			);
			name = worklistTests;
			productName = worklistTests;
			productReference = F80EFADD1AFC569200CAED79 /* worklistTests.xctest */;
			productType = "com.apple.product-type.bundle.unit-test";
		};
/* End PBXNativeTarget section */

/* Begin PBXProject section */
		F80EFAC21AFC569200CAED79 /* Project object */ = {
			isa = PBXProject;
			attributes = {
				LastUpgradeCheck = 0620;
				ORGANIZATIONNAME = sexylin;
				TargetAttributes = {
					F80EFAC91AFC569200CAED79 = {
						CreatedOnToolsVersion = 6.2;
					};
					F80EFADC1AFC569200CAED79 = {
						CreatedOnToolsVersion = 6.2;
						TestTargetID = F80EFAC91AFC569200CAED79;
					};
				};
			};
			buildConfigurationList = F80EFAC51AFC569200CAED79 /* Build configuration list for PBXProject "worklist" */;
			compatibilityVersion = "Xcode 3.2";
			developmentRegion = English;
			hasScannedForEncodings = 0;
			knownRegions = (
				en,
				Base,
			);
			mainGroup = F80EFAC11AFC569200CAED79;
			productRefGroup = F80EFACB1AFC569200CAED79 /* Products */;
			projectDirPath = "";
			projectRoot = "";
			targets = (
				F80EFAC91AFC569200CAED79 /* worklist */,
				F80EFADC1AFC569200CAED79 /* worklistTests */,
			);
		};
/* End PBXProject section */

/* Begin PBXResourcesBuildPhase section */
		F80EFAC81AFC569200CAED79 /* Resources */ = {
			isa = PBXResourcesBuildPhase;
			buildActionMask = 2147483647;
			files = (
				F82D40CE1B0B3505007FD007 /* tomorrow_normal.png in Resources */,
				F808CE3C1B0F0F1200124EE4 /* left_bar.png in Resources */,
				F82D40B41B0B0A26007FD007 /* last_icon.png in Resources */,
				F808CE301B0F0AE600124EE4 /* minimize-active-color.tiff in Resources */,
				F808CE321B0F0AE600124EE4 /* minimize-inactive-disabled-color.tiff in Resources */,
				F80EFAF81AFC8E2A00CAED79 /* PopOverViewController.xib in Resources */,
				F8F66F791B09BEFA006B7D97 /* category.png in Resources */,
				F8F66F761B09AD73006B7D97 /* alarm_off.png in Resources */,
				F808CE2B1B0F0AE600124EE4 /* close-active-color.tiff in Resources */,
				F8F66F771B09AD73006B7D97 /* alarm_on.png in Resources */,
				F808CE351B0F0AE600124EE4 /* zoom-active-color.tiff in Resources */,
				F82D40BD1B0B0AD7007FD007 /* PopCalendarViewController.xib in Resources */,
				F82D40CF1B0B3505007FD007 /* week_later_normal.png in Resources */,
				F808CE381B0F0AE600124EE4 /* zoom-pd-color.tiff in Resources */,
				F82D40CD1B0B3505007FD007 /* three_hours_later_normal.png in Resources */,
				F80EFAD51AFC569200CAED79 /* Images.xcassets in Resources */,
				F82D40B71B0B0A26007FD007 /* tomorrow.png in Resources */,
				F808CE421B0F2B2000124EE4 /* HomeViewController.xib in Resources */,
				F808CE2D1B0F0AE600124EE4 /* close-inactive-disabled-color.tiff in Resources */,
				F80EFAF31AFC88E100CAED79 /* status_icon@2x.png in Resources */,
				F808CE311B0F0AE600124EE4 /* minimize-activenokey-color.tiff in Resources */,
				F808CE371B0F0AE600124EE4 /* zoom-inactive-disabled-color.tiff in Resources */,
				F82D40CC1B0B3505007FD007 /* hour_later_nomal.png in Resources */,
				F82D40B61B0B0A26007FD007 /* next_icon.png in Resources */,
				F80EFAFC1AFCA81200CAED79 /* work_list_fon.png in Resources */,
				F808CE2C1B0F0AE600124EE4 /* close-activenokey-color.tiff in Resources */,
				F82D40B81B0B0A26007FD007 /* week_later.png in Resources */,
				F8F66F731B09AB7B006B7D97 /* calendar.png in Resources */,
				F808CE2F1B0F0AE600124EE4 /* close-rollover-color.tiff in Resources */,
				F82D40C01B0B117D007FD007 /* hour_later.png in Resources */,
				F80EFAD81AFC569200CAED79 /* MainMenu.xib in Resources */,
				F80EFAFE1AFCA90400CAED79 /* add_button.png in Resources */,
				F8002FCB1B0C810E002CBB4C /* add_to_list.png in Resources */,
				F808CE361B0F0AE600124EE4 /* zoom-activenokey-color.tiff in Resources */,
				F80EFAF21AFC88E100CAED79 /* status_icon.png in Resources */,
				F82D40C71B0B20A0007FD007 /* month_later_normal.png in Resources */,
				F808CE391B0F0AE600124EE4 /* zoom-rollover-color.tiff in Resources */,
				F82D40C11B0B117D007FD007 /* three_hours_later.png in Resources */,
				F80EFAEF1AFC85C300CAED79 /* icon.icns in Resources */,
				F808CE3D1B0F0F1200124EE4 /* right_bar.png in Resources */,
				F808CE331B0F0AE600124EE4 /* minimize-pd-color.tiff in Resources */,
				F808CE341B0F0AE600124EE4 /* minimize-rollover-color.tiff in Resources */,
				F80DFC791B0DB46700C1707F /* user_data.sqlite in Resources */,
				F808CE2E1B0F0AE600124EE4 /* close-pd-color.tiff in Resources */,
				F82D40B51B0B0A26007FD007 /* month_later.png in Resources */,
			);
			runOnlyForDeploymentPostprocessing = 0;
		};
		F80EFADB1AFC569200CAED79 /* Resources */ = {
			isa = PBXResourcesBuildPhase;
			buildActionMask = 2147483647;
			files = (
			);
			runOnlyForDeploymentPostprocessing = 0;
		};
/* End PBXResourcesBuildPhase section */

/* Begin PBXSourcesBuildPhase section */
		F80EFAC61AFC569200CAED79 /* Sources */ = {
			isa = PBXSourcesBuildPhase;
			buildActionMask = 2147483647;
			files = (
				F808CE1B1B0F093D00124EE4 /* NSDocument+INAppStoreWindowFixes.m in Sources */,
				F8F457481B0053FA00E1D711 /* NSButton+Addation.m in Sources */,
				F80DFC401B0D842500C1707F /* CommonFunction.m in Sources */,
				F8007E401B01FA4400DA161B /* NSTextFielAddition.m in Sources */,
				F80EFAF71AFC8E2A00CAED79 /* PopOverViewController.m in Sources */,
				F808CE411B0F2B2000124EE4 /* HomeViewController.m in Sources */,
				F80DFC7F1B0DC2B200C1707F /* SLUser.m in Sources */,
				F80EFAD31AFC569200CAED79 /* main.m in Sources */,
				F815AE841B031ED50014E5E4 /* GVFileNotificationCenter.m in Sources */,
				F8F457471B0053FA00E1D711 /* AMCStrechableButton.m in Sources */,
				F80DFC7C1B0DB9BA00C1707F /* SLTask.m in Sources */,
				F8F4574C1B00541C00E1D711 /* UIView.m in Sources */,
				F808CE101B0EFD1600124EE4 /* INWindowButton.m in Sources */,
				F808CE0F1B0EFD1600124EE4 /* INAppStoreWindow.m in Sources */,
				F82D40BC1B0B0AD7007FD007 /* PopCalendarViewController.m in Sources */,
				F8F457491B0053FA00E1D711 /* NSColor+AMC.m in Sources */,
				F80EFAD11AFC569200CAED79 /* AppDelegate.m in Sources */,
				F82D40C51B0B1C9A007FD007 /* EventButton.m in Sources */,
				F808CE1A1B0F093D00124EE4 /* INWindowBackgroundView+CoreUIRendering.m in Sources */,
				F808CE191B0F093D00124EE4 /* INAppStoreWindowSwizzling.c in Sources */,
				F8F66F7E1B09D1FE006B7D97 /* UIBoxLine.m in Sources */,
			);
			runOnlyForDeploymentPostprocessing = 0;
		};
		F80EFAD91AFC569200CAED79 /* Sources */ = {
			isa = PBXSourcesBuildPhase;
			buildActionMask = 2147483647;
			files = (
				F80EFAE41AFC569200CAED79 /* worklistTests.m in Sources */,
			);
			runOnlyForDeploymentPostprocessing = 0;
		};
/* End PBXSourcesBuildPhase section */

/* Begin PBXTargetDependency section */
		F80EFADF1AFC569200CAED79 /* PBXTargetDependency */ = {
			isa = PBXTargetDependency;
			target = F80EFAC91AFC569200CAED79 /* worklist */;
			targetProxy = F80EFADE1AFC569200CAED79 /* PBXContainerItemProxy */;
		};
/* End PBXTargetDependency section */

/* Begin PBXVariantGroup section */
		F80EFAD61AFC569200CAED79 /* MainMenu.xib */ = {
			isa = PBXVariantGroup;
			children = (
				F80EFAD71AFC569200CAED79 /* Base */,
			);
			name = MainMenu.xib;
			sourceTree = "<group>";
		};
/* End PBXVariantGroup section */

/* Begin XCBuildConfiguration section */
		F80EFAE51AFC569200CAED79 /* Debug */ = {
			isa = XCBuildConfiguration;
			buildSettings = {
				ALWAYS_SEARCH_USER_PATHS = NO;
				CLANG_CXX_LANGUAGE_STANDARD = "gnu++0x";
				CLANG_CXX_LIBRARY = "libc++";
				CLANG_ENABLE_MODULES = YES;
				CLANG_ENABLE_OBJC_ARC = NO;
				CLANG_WARN_BOOL_CONVERSION = YES;
				CLANG_WARN_CONSTANT_CONVERSION = YES;
				CLANG_WARN_DIRECT_OBJC_ISA_USAGE = YES_ERROR;
				CLANG_WARN_EMPTY_BODY = YES;
				CLANG_WARN_ENUM_CONVERSION = YES;
				CLANG_WARN_INT_CONVERSION = YES;
				CLANG_WARN_OBJC_ROOT_CLASS = YES_ERROR;
				CLANG_WARN_UNREACHABLE_CODE = YES;
				CLANG_WARN__DUPLICATE_METHOD_MATCH = YES;
				CODE_SIGN_IDENTITY = "-";
				COPY_PHASE_STRIP = NO;
				ENABLE_STRICT_OBJC_MSGSEND = YES;
				GCC_C_LANGUAGE_STANDARD = gnu99;
				GCC_DYNAMIC_NO_PIC = NO;
				GCC_OPTIMIZATION_LEVEL = 0;
				GCC_PREPROCESSOR_DEFINITIONS = (
					"DEBUG=1",
					"$(inherited)",
				);
				GCC_SYMBOLS_PRIVATE_EXTERN = NO;
				GCC_WARN_64_TO_32_BIT_CONVERSION = YES;
				GCC_WARN_ABOUT_RETURN_TYPE = YES_ERROR;
				GCC_WARN_UNDECLARED_SELECTOR = YES;
				GCC_WARN_UNINITIALIZED_AUTOS = YES_AGGRESSIVE;
				GCC_WARN_UNUSED_FUNCTION = YES;
				GCC_WARN_UNUSED_VARIABLE = YES;
				MACOSX_DEPLOYMENT_TARGET = 10.10;
				MTL_ENABLE_DEBUG_INFO = YES;
				ONLY_ACTIVE_ARCH = YES;
				SDKROOT = macosx;
			};
			name = Debug;
		};
		F80EFAE61AFC569200CAED79 /* Release */ = {
			isa = XCBuildConfiguration;
			buildSettings = {
				ALWAYS_SEARCH_USER_PATHS = NO;
				CLANG_CXX_LANGUAGE_STANDARD = "gnu++0x";
				CLANG_CXX_LIBRARY = "libc++";
				CLANG_ENABLE_MODULES = YES;
				CLANG_ENABLE_OBJC_ARC = NO;
				CLANG_WARN_BOOL_CONVERSION = YES;
				CLANG_WARN_CONSTANT_CONVERSION = YES;
				CLANG_WARN_DIRECT_OBJC_ISA_USAGE = YES_ERROR;
				CLANG_WARN_EMPTY_BODY = YES;
				CLANG_WARN_ENUM_CONVERSION = YES;
				CLANG_WARN_INT_CONVERSION = YES;
				CLANG_WARN_OBJC_ROOT_CLASS = YES_ERROR;
				CLANG_WARN_UNREACHABLE_CODE = YES;
				CLANG_WARN__DUPLICATE_METHOD_MATCH = YES;
				CODE_SIGN_IDENTITY = "-";
				COPY_PHASE_STRIP = NO;
				DEBUG_INFORMATION_FORMAT = "dwarf-with-dsym";
				ENABLE_NS_ASSERTIONS = NO;
				ENABLE_STRICT_OBJC_MSGSEND = YES;
				GCC_C_LANGUAGE_STANDARD = gnu99;
				GCC_WARN_64_TO_32_BIT_CONVERSION = YES;
				GCC_WARN_ABOUT_RETURN_TYPE = YES_ERROR;
				GCC_WARN_UNDECLARED_SELECTOR = YES;
				GCC_WARN_UNINITIALIZED_AUTOS = YES_AGGRESSIVE;
				GCC_WARN_UNUSED_FUNCTION = YES;
				GCC_WARN_UNUSED_VARIABLE = YES;
				MACOSX_DEPLOYMENT_TARGET = 10.10;
				MTL_ENABLE_DEBUG_INFO = NO;
				SDKROOT = macosx;
			};
			name = Release;
		};
		F80EFAE81AFC569200CAED79 /* Debug */ = {
			isa = XCBuildConfiguration;
			buildSettings = {
				ASSETCATALOG_COMPILER_APPICON_NAME = AppIcon;
				COMBINE_HIDPI_IMAGES = YES;
				INFOPLIST_FILE = worklist/Info.plist;
				LD_RUNPATH_SEARCH_PATHS = "$(inherited) @executable_path/../Frameworks";
				PRODUCT_NAME = "$(TARGET_NAME)";
			};
			name = Debug;
		};
		F80EFAE91AFC569200CAED79 /* Release */ = {
			isa = XCBuildConfiguration;
			buildSettings = {
				ASSETCATALOG_COMPILER_APPICON_NAME = AppIcon;
				COMBINE_HIDPI_IMAGES = YES;
				INFOPLIST_FILE = worklist/Info.plist;
				LD_RUNPATH_SEARCH_PATHS = "$(inherited) @executable_path/../Frameworks";
				PRODUCT_NAME = "$(TARGET_NAME)";
			};
			name = Release;
		};
		F80EFAEB1AFC569200CAED79 /* Debug */ = {
			isa = XCBuildConfiguration;
			buildSettings = {
				BUNDLE_LOADER = "$(TEST_HOST)";
				COMBINE_HIDPI_IMAGES = YES;
				FRAMEWORK_SEARCH_PATHS = (
					"$(DEVELOPER_FRAMEWORKS_DIR)",
					"$(inherited)",
				);
				GCC_PREPROCESSOR_DEFINITIONS = (
					"DEBUG=1",
					"$(inherited)",
				);
				INFOPLIST_FILE = worklistTests/Info.plist;
				LD_RUNPATH_SEARCH_PATHS = "$(inherited) @executable_path/../Frameworks @loader_path/../Frameworks";
				PRODUCT_NAME = "$(TARGET_NAME)";
				TEST_HOST = "$(BUILT_PRODUCTS_DIR)/worklist.app/Contents/MacOS/worklist";
			};
			name = Debug;
		};
		F80EFAEC1AFC569200CAED79 /* Release */ = {
			isa = XCBuildConfiguration;
			buildSettings = {
				BUNDLE_LOADER = "$(TEST_HOST)";
				COMBINE_HIDPI_IMAGES = YES;
				FRAMEWORK_SEARCH_PATHS = (
					"$(DEVELOPER_FRAMEWORKS_DIR)",
					"$(inherited)",
				);
				INFOPLIST_FILE = worklistTests/Info.plist;
				LD_RUNPATH_SEARCH_PATHS = "$(inherited) @executable_path/../Frameworks @loader_path/../Frameworks";
				PRODUCT_NAME = "$(TARGET_NAME)";
				TEST_HOST = "$(BUILT_PRODUCTS_DIR)/worklist.app/Contents/MacOS/worklist";
			};
			name = Release;
		};
/* End XCBuildConfiguration section */

/* Begin XCConfigurationList section */
		F80EFAC51AFC569200CAED79 /* Build configuration list for PBXProject "worklist" */ = {
			isa = XCConfigurationList;
			buildConfigurations = (
				F80EFAE51AFC569200CAED79 /* Debug */,
				F80EFAE61AFC569200CAED79 /* Release */,
			);
			defaultConfigurationIsVisible = 0;
			defaultConfigurationName = Release;
		};
		F80EFAE71AFC569200CAED79 /* Build configuration list for PBXNativeTarget "worklist" */ = {
			isa = XCConfigurationList;
			buildConfigurations = (
				F80EFAE81AFC569200CAED79 /* Debug */,
				F80EFAE91AFC569200CAED79 /* Release */,
			);
			defaultConfigurationIsVisible = 0;
			defaultConfigurationName = Release;
		};
		F80EFAEA1AFC569200CAED79 /* Build configuration list for PBXNativeTarget "worklistTests" */ = {
			isa = XCConfigurationList;
			buildConfigurations = (
				F80EFAEB1AFC569200CAED79 /* Debug */,
				F80EFAEC1AFC569200CAED79 /* Release */,
			);
			defaultConfigurationIsVisible = 0;
			defaultConfigurationName = Release;
		};
/* End XCConfigurationList section */
	};
	rootObject = F80EFAC21AFC569200CAED79 /* Project object */;
}
